// !$*UTF8*$!
{
	archiveVersion = 1;
	classes = {
	};
	objectVersion = 46;
	objects = {

/* Begin PBXBuildFile section */
		3CB32A6106517093BD3EE1DE /* libPods-BYTDemo.a in Frameworks */ = {isa = PBXBuildFile; fileRef = E5BC427408A2C06EC7309A8F /* libPods-BYTDemo.a */; };
		50E147941C9AA1DF00EB4235 /* main.m in Sources */ = {isa = PBXBuildFile; fileRef = 50E147931C9AA1DF00EB4235 /* main.m */; };
		50E147971C9AA1DF00EB4235 /* AppDelegate.m in Sources */ = {isa = PBXBuildFile; fileRef = 50E147961C9AA1DF00EB4235 /* AppDelegate.m */; };
		50E1479A1C9AA1DF00EB4235 /* ViewController.m in Sources */ = {isa = PBXBuildFile; fileRef = 50E147991C9AA1DF00EB4235 /* ViewController.m */; };
		50E1479D1C9AA1DF00EB4235 /* Main.storyboard in Resources */ = {isa = PBXBuildFile; fileRef = 50E1479B1C9AA1DF00EB4235 /* Main.storyboard */; };
		50E1479F1C9AA1DF00EB4235 /* Assets.xcassets in Resources */ = {isa = PBXBuildFile; fileRef = 50E1479E1C9AA1DF00EB4235 /* Assets.xcassets */; };
		50E147A21C9AA1DF00EB4235 /* LaunchScreen.storyboard in Resources */ = {isa = PBXBuildFile; fileRef = 50E147A01C9AA1DF00EB4235 /* LaunchScreen.storyboard */; };
		5C349178C45FBAB0D9424B4C /* NSNumber+BYT.m in Sources */ = {isa = PBXBuildFile; fileRef = 5C3490A43B874E01B11E074D /* NSNumber+BYT.m */; };
		5C3492053DAFE69431CDC5D9 /* UIImage+BYT.m in Sources */ = {isa = PBXBuildFile; fileRef = 5C34974097BB329AF50C2E79 /* UIImage+BYT.m */; };
		5C3492842A0BBBB0EE61FD86 /* UINavigationController+BYT.m in Sources */ = {isa = PBXBuildFile; fileRef = 5C349C592F9ECF4C1FECC8FD /* UINavigationController+BYT.m */; };
		5C349297A4BF6BA43427184D /* LoginVM.m in Sources */ = {isa = PBXBuildFile; fileRef = 5C349E520D7E9F5DAC946EC7 /* LoginVM.m */; };
		5C34933A333ED1E9FE95E7B5 /* NSBundle+BYT.m in Sources */ = {isa = PBXBuildFile; fileRef = 5C349041510029F81686FB70 /* NSBundle+BYT.m */; };
		5C3493A4EB2B8A5ED7134D07 /* UserM.m in Sources */ = {isa = PBXBuildFile; fileRef = 5C349E324F9E52BCD07D77A1 /* UserM.m */; };
		5C349518F1812A90D55807F4 /* UIAlertView+BYT.m in Sources */ = {isa = PBXBuildFile; fileRef = 5C3496B7DFAA117C1E89D3E2 /* UIAlertView+BYT.m */; };
		5C3495B4F75697A343242279 /* UIFont+BYT.m in Sources */ = {isa = PBXBuildFile; fileRef = 5C349C147B3315141D096E51 /* UIFont+BYT.m */; };
		5C3495FAEEB03D4391C1CCE9 /* UIScreen+BYT.m in Sources */ = {isa = PBXBuildFile; fileRef = 5C349E32C8039D4AEB13B1EA /* UIScreen+BYT.m */; };
		5C3496FF12D06DA7C8D83950 /* UIButton+BYT.m in Sources */ = {isa = PBXBuildFile; fileRef = 5C3498AE35596AADEA53BA4B /* UIButton+BYT.m */; };
		5C34983B67E7A2AFCA03DFD0 /* NSUserDefaults+BYT.m in Sources */ = {isa = PBXBuildFile; fileRef = 5C349C1BA37EF9E9A05C98A0 /* NSUserDefaults+BYT.m */; };
		5C3498D2D75F83CDADE91ED1 /* UITabBar+BYT.m in Sources */ = {isa = PBXBuildFile; fileRef = 5C349DB588ACB7298DBE41EB /* UITabBar+BYT.m */; };
		5C3499848D60E06E870A2DF1 /* UIDevice+BYT.m in Sources */ = {isa = PBXBuildFile; fileRef = 5C3496B3E7D9F8AE61C92077 /* UIDevice+BYT.m */; };
		5C349B765246E2C62948EF3C /* UIView+BYT.m in Sources */ = {isa = PBXBuildFile; fileRef = 5C3497C87867D431D00980E5 /* UIView+BYT.m */; };
		5C349D1A5E4FDCED7D13458E /* UIResponder+BYT.m in Sources */ = {isa = PBXBuildFile; fileRef = 5C349899E3BED2BC83E4B275 /* UIResponder+BYT.m */; };
		5C349D6635E7D8E153EAE487 /* UIStoryboard+BYT.m in Sources */ = {isa = PBXBuildFile; fileRef = 5C3496069A7AF6FE4D68B47A /* UIStoryboard+BYT.m */; };
		5C349E8E6716937C512CB1A3 /* UIColor+BYT.m in Sources */ = {isa = PBXBuildFile; fileRef = 5C34952EE5C62C7FB5BE23AD /* UIColor+BYT.m */; };
		5C349F174E556FEFF2BE913E /* NSString+BYT.m in Sources */ = {isa = PBXBuildFile; fileRef = 5C3493DA81965CAF97962974 /* NSString+BYT.m */; };
		5C349FF717DC14E80852A16C /* UINavigationBar+BYT.m in Sources */ = {isa = PBXBuildFile; fileRef = 5C3492908F81C39413F8A9AD /* UINavigationBar+BYT.m */; };
/* End PBXBuildFile section */

/* Begin PBXFileReference section */
		50E1478F1C9AA1DF00EB4235 /* BYTDemo.app */ = {isa = PBXFileReference; explicitFileType = wrapper.application; includeInIndex = 0; path = BYTDemo.app; sourceTree = BUILT_PRODUCTS_DIR; };
		50E147931C9AA1DF00EB4235 /* main.m */ = {isa = PBXFileReference; lastKnownFileType = sourcecode.c.objc; path = main.m; sourceTree = "<group>"; };
		50E147951C9AA1DF00EB4235 /* AppDelegate.h */ = {isa = PBXFileReference; lastKnownFileType = sourcecode.c.h; path = AppDelegate.h; sourceTree = "<group>"; };
		50E147961C9AA1DF00EB4235 /* AppDelegate.m */ = {isa = PBXFileReference; lastKnownFileType = sourcecode.c.objc; path = AppDelegate.m; sourceTree = "<group>"; };
		50E147981C9AA1DF00EB4235 /* ViewController.h */ = {isa = PBXFileReference; lastKnownFileType = sourcecode.c.h; path = ViewController.h; sourceTree = "<group>"; };
		50E147991C9AA1DF00EB4235 /* ViewController.m */ = {isa = PBXFileReference; lastKnownFileType = sourcecode.c.objc; path = ViewController.m; sourceTree = "<group>"; };
		50E1479C1C9AA1DF00EB4235 /* Base */ = {isa = PBXFileReference; lastKnownFileType = file.storyboard; name = Base; path = Base.lproj/Main.storyboard; sourceTree = "<group>"; };
		50E1479E1C9AA1DF00EB4235 /* Assets.xcassets */ = {isa = PBXFileReference; lastKnownFileType = folder.assetcatalog; path = Assets.xcassets; sourceTree = "<group>"; };
		50E147A11C9AA1DF00EB4235 /* Base */ = {isa = PBXFileReference; lastKnownFileType = file.storyboard; name = Base; path = Base.lproj/LaunchScreen.storyboard; sourceTree = "<group>"; };
		50E147A31C9AA1DF00EB4235 /* Info.plist */ = {isa = PBXFileReference; lastKnownFileType = text.plist.xml; path = Info.plist; sourceTree = "<group>"; };
		5C349041510029F81686FB70 /* NSBundle+BYT.m */ = {isa = PBXFileReference; fileEncoding = 4; lastKnownFileType = sourcecode.c.objc; path = "NSBundle+BYT.m"; sourceTree = "<group>"; };
		5C34909450F0C8DF610A16AC /* UIScreen+BYT.h */ = {isa = PBXFileReference; fileEncoding = 4; lastKnownFileType = sourcecode.c.h; path = "UIScreen+BYT.h"; sourceTree = "<group>"; };
		5C3490A43B874E01B11E074D /* NSNumber+BYT.m */ = {isa = PBXFileReference; fileEncoding = 4; lastKnownFileType = sourcecode.c.objc; path = "NSNumber+BYT.m"; sourceTree = "<group>"; };
		5C349103C89AD1E30517193F /* PodHeader.h */ = {isa = PBXFileReference; fileEncoding = 4; lastKnownFileType = sourcecode.c.h; name = PodHeader.h; path = BYT/PodHeader.h; sourceTree = SOURCE_ROOT; };
		5C349251B13C429AC593A09A /* UIButton+BYT.h */ = {isa = PBXFileReference; fileEncoding = 4; lastKnownFileType = sourcecode.c.h; path = "UIButton+BYT.h"; sourceTree = "<group>"; };
		5C3492908F81C39413F8A9AD /* UINavigationBar+BYT.m */ = {isa = PBXFileReference; fileEncoding = 4; lastKnownFileType = sourcecode.c.objc; path = "UINavigationBar+BYT.m"; sourceTree = "<group>"; };
		5C3492F6B0CC2B3AE31CABE8 /* UIStoryboard+BYT.h */ = {isa = PBXFileReference; fileEncoding = 4; lastKnownFileType = sourcecode.c.h; path = "UIStoryboard+BYT.h"; sourceTree = "<group>"; };
		5C34933BC4EBCF0EB6B2E9BD /* UIImage+BYT.h */ = {isa = PBXFileReference; fileEncoding = 4; lastKnownFileType = sourcecode.c.h; path = "UIImage+BYT.h"; sourceTree = "<group>"; };
		5C3493A8652BBA4D74466D56 /* UINavigationBar+BYT.h */ = {isa = PBXFileReference; fileEncoding = 4; lastKnownFileType = sourcecode.c.h; path = "UINavigationBar+BYT.h"; sourceTree = "<group>"; };
		5C3493D4D76DE89CB02B0C84 /* UIColor+BYT.h */ = {isa = PBXFileReference; fileEncoding = 4; lastKnownFileType = sourcecode.c.h; path = "UIColor+BYT.h"; sourceTree = "<group>"; };
		5C3493DA81965CAF97962974 /* NSString+BYT.m */ = {isa = PBXFileReference; fileEncoding = 4; lastKnownFileType = sourcecode.c.objc; path = "NSString+BYT.m"; sourceTree = "<group>"; };
		5C34948296898CB0781B696E /* UIDevice+BYT.h */ = {isa = PBXFileReference; fileEncoding = 4; lastKnownFileType = sourcecode.c.h; path = "UIDevice+BYT.h"; sourceTree = "<group>"; };
		5C3494DD10DB90BEBAFEAA40 /* UIFont+BYT.h */ = {isa = PBXFileReference; fileEncoding = 4; lastKnownFileType = sourcecode.c.h; path = "UIFont+BYT.h"; sourceTree = "<group>"; };
		5C34952EE5C62C7FB5BE23AD /* UIColor+BYT.m */ = {isa = PBXFileReference; fileEncoding = 4; lastKnownFileType = sourcecode.c.objc; path = "UIColor+BYT.m"; sourceTree = "<group>"; };
		5C3496069A7AF6FE4D68B47A /* UIStoryboard+BYT.m */ = {isa = PBXFileReference; fileEncoding = 4; lastKnownFileType = sourcecode.c.objc; path = "UIStoryboard+BYT.m"; sourceTree = "<group>"; };
		5C3496B3E7D9F8AE61C92077 /* UIDevice+BYT.m */ = {isa = PBXFileReference; fileEncoding = 4; lastKnownFileType = sourcecode.c.objc; path = "UIDevice+BYT.m"; sourceTree = "<group>"; };
		5C3496B7DFAA117C1E89D3E2 /* UIAlertView+BYT.m */ = {isa = PBXFileReference; fileEncoding = 4; lastKnownFileType = sourcecode.c.objc; path = "UIAlertView+BYT.m"; sourceTree = "<group>"; };
		5C3496D343791CDA23B167ED /* NSUserDefaults+BYT.h */ = {isa = PBXFileReference; fileEncoding = 4; lastKnownFileType = sourcecode.c.h; path = "NSUserDefaults+BYT.h"; sourceTree = "<group>"; };
		5C34974097BB329AF50C2E79 /* UIImage+BYT.m */ = {isa = PBXFileReference; fileEncoding = 4; lastKnownFileType = sourcecode.c.objc; path = "UIImage+BYT.m"; sourceTree = "<group>"; };
		5C3497C87867D431D00980E5 /* UIView+BYT.m */ = {isa = PBXFileReference; fileEncoding = 4; lastKnownFileType = sourcecode.c.objc; path = "UIView+BYT.m"; sourceTree = "<group>"; };
		5C349899E3BED2BC83E4B275 /* UIResponder+BYT.m */ = {isa = PBXFileReference; fileEncoding = 4; lastKnownFileType = sourcecode.c.objc; path = "UIResponder+BYT.m"; sourceTree = "<group>"; };
		5C3498AE35596AADEA53BA4B /* UIButton+BYT.m */ = {isa = PBXFileReference; fileEncoding = 4; lastKnownFileType = sourcecode.c.objc; path = "UIButton+BYT.m"; sourceTree = "<group>"; };
		5C34991D523FA392DFB65E71 /* UINavigationController+BYT.h */ = {isa = PBXFileReference; fileEncoding = 4; lastKnownFileType = sourcecode.c.h; path = "UINavigationController+BYT.h"; sourceTree = "<group>"; };
		5C3499230AA8030C872193FD /* UserM.h */ = {isa = PBXFileReference; fileEncoding = 4; lastKnownFileType = sourcecode.c.h; path = UserM.h; sourceTree = "<group>"; };
		5C3499338BAE6C87F95702D8 /* LoginVM.h */ = {isa = PBXFileReference; fileEncoding = 4; lastKnownFileType = sourcecode.c.h; path = LoginVM.h; sourceTree = "<group>"; };
		5C34998F13D988BC9D91FB9E /* UIView+BYT.h */ = {isa = PBXFileReference; fileEncoding = 4; lastKnownFileType = sourcecode.c.h; path = "UIView+BYT.h"; sourceTree = "<group>"; };
		5C3499FE2AD0668E5EBFB9A5 /* UIAlertView+BYT.h */ = {isa = PBXFileReference; fileEncoding = 4; lastKnownFileType = sourcecode.c.h; path = "UIAlertView+BYT.h"; sourceTree = "<group>"; };
		5C349A5C54EF4E19EAA6C80C /* NSNumber+BYT.h */ = {isa = PBXFileReference; fileEncoding = 4; lastKnownFileType = sourcecode.c.h; path = "NSNumber+BYT.h"; sourceTree = "<group>"; };
		5C349A628C360683BA540FD3 /* BYTSingleton.h */ = {isa = PBXFileReference; fileEncoding = 4; lastKnownFileType = sourcecode.c.h; path = BYTSingleton.h; sourceTree = "<group>"; };
		5C349A8A59FDC45F961E265D /* BYTHeader.h */ = {isa = PBXFileReference; fileEncoding = 4; lastKnownFileType = sourcecode.c.h; path = BYTHeader.h; sourceTree = "<group>"; };
		5C349C147B3315141D096E51 /* UIFont+BYT.m */ = {isa = PBXFileReference; fileEncoding = 4; lastKnownFileType = sourcecode.c.objc; path = "UIFont+BYT.m"; sourceTree = "<group>"; };
		5C349C1BA37EF9E9A05C98A0 /* NSUserDefaults+BYT.m */ = {isa = PBXFileReference; fileEncoding = 4; lastKnownFileType = sourcecode.c.objc; path = "NSUserDefaults+BYT.m"; sourceTree = "<group>"; };
		5C349C592F9ECF4C1FECC8FD /* UINavigationController+BYT.m */ = {isa = PBXFileReference; fileEncoding = 4; lastKnownFileType = sourcecode.c.objc; path = "UINavigationController+BYT.m"; sourceTree = "<group>"; };
		5C349D85535C9CC993EE71CB /* NSBundle+BYT.h */ = {isa = PBXFileReference; fileEncoding = 4; lastKnownFileType = sourcecode.c.h; path = "NSBundle+BYT.h"; sourceTree = "<group>"; };
		5C349DB588ACB7298DBE41EB /* UITabBar+BYT.m */ = {isa = PBXFileReference; fileEncoding = 4; lastKnownFileType = sourcecode.c.objc; path = "UITabBar+BYT.m"; sourceTree = "<group>"; };
		5C349DCC9448C6CA82499658 /* BYTBlockMacro.h */ = {isa = PBXFileReference; fileEncoding = 4; lastKnownFileType = sourcecode.c.h; path = BYTBlockMacro.h; sourceTree = "<group>"; };
		5C349E001E049C434C18508D /* NSString+BYT.h */ = {isa = PBXFileReference; fileEncoding = 4; lastKnownFileType = sourcecode.c.h; path = "NSString+BYT.h"; sourceTree = "<group>"; };
		5C349E324F9E52BCD07D77A1 /* UserM.m */ = {isa = PBXFileReference; fileEncoding = 4; lastKnownFileType = sourcecode.c.objc; path = UserM.m; sourceTree = "<group>"; };
		5C349E32C8039D4AEB13B1EA /* UIScreen+BYT.m */ = {isa = PBXFileReference; fileEncoding = 4; lastKnownFileType = sourcecode.c.objc; path = "UIScreen+BYT.m"; sourceTree = "<group>"; };
		5C349E520D7E9F5DAC946EC7 /* LoginVM.m */ = {isa = PBXFileReference; fileEncoding = 4; lastKnownFileType = sourcecode.c.objc; path = LoginVM.m; sourceTree = "<group>"; };
		5C349F5753BC408FB314ADD6 /* UIResponder+BYT.h */ = {isa = PBXFileReference; fileEncoding = 4; lastKnownFileType = sourcecode.c.h; path = "UIResponder+BYT.h"; sourceTree = "<group>"; };
		5C349FF4B387EC5687FB46F3 /* UITabBar+BYT.h */ = {isa = PBXFileReference; fileEncoding = 4; lastKnownFileType = sourcecode.c.h; path = "UITabBar+BYT.h"; sourceTree = "<group>"; };
		5C349FFBB64A4F6742D6A1AF /* BYTCategory.h */ = {isa = PBXFileReference; fileEncoding = 4; lastKnownFileType = sourcecode.c.h; path = BYTCategory.h; sourceTree = "<group>"; };
		5F10B0138BF229C01425DC06 /* Pods-BYTDemo.release.xcconfig */ = {isa = PBXFileReference; includeInIndex = 1; lastKnownFileType = text.xcconfig; name = "Pods-BYTDemo.release.xcconfig"; path = "Pods/Target Support Files/Pods-BYTDemo/Pods-BYTDemo.release.xcconfig"; sourceTree = "<group>"; };
		631FF2B0F7907E83738D8CC9 /* Pods-BYTDemo.debug.xcconfig */ = {isa = PBXFileReference; includeInIndex = 1; lastKnownFileType = text.xcconfig; name = "Pods-BYTDemo.debug.xcconfig"; path = "Pods/Target Support Files/Pods-BYTDemo/Pods-BYTDemo.debug.xcconfig"; sourceTree = "<group>"; };
		E5BC427408A2C06EC7309A8F /* libPods-BYTDemo.a */ = {isa = PBXFileReference; explicitFileType = archive.ar; includeInIndex = 0; path = "libPods-BYTDemo.a"; sourceTree = BUILT_PRODUCTS_DIR; };
/* End PBXFileReference section */

/* Begin PBXFrameworksBuildPhase section */
		50E1478C1C9AA1DF00EB4235 /* Frameworks */ = {
			isa = PBXFrameworksBuildPhase;
			buildActionMask = 2147483647;
			files = (
				3CB32A6106517093BD3EE1DE /* libPods-BYTDemo.a in Frameworks */,
			);
			runOnlyForDeploymentPostprocessing = 0;
		};
/* End PBXFrameworksBuildPhase section */

/* Begin PBXGroup section */
		3EF496B28A91F904491E8999 /* Pods */ = {
			isa = PBXGroup;
			children = (
				631FF2B0F7907E83738D8CC9 /* Pods-BYTDemo.debug.xcconfig */,
				5F10B0138BF229C01425DC06 /* Pods-BYTDemo.release.xcconfig */,
			);
			name = Pods;
			sourceTree = "<group>";
		};
		40DB07EC711F61F18E93C36A /* Frameworks */ = {
			isa = PBXGroup;
			children = (
				E5BC427408A2C06EC7309A8F /* libPods-BYTDemo.a */,
			);
			name = Frameworks;
			sourceTree = "<group>";
		};
		50E147861C9AA1DF00EB4235 = {
			isa = PBXGroup;
			children = (
				50E147911C9AA1DF00EB4235 /* BYTDemo */,
				50E147901C9AA1DF00EB4235 /* Products */,
				3EF496B28A91F904491E8999 /* Pods */,
				40DB07EC711F61F18E93C36A /* Frameworks */,
			);
			sourceTree = "<group>";
		};
		50E147901C9AA1DF00EB4235 /* Products */ = {
			isa = PBXGroup;
			children = (
				50E1478F1C9AA1DF00EB4235 /* BYTDemo.app */,
			);
			name = Products;
			sourceTree = "<group>";
		};
		50E147911C9AA1DF00EB4235 /* BYTDemo */ = {
			isa = PBXGroup;
			children = (
				50E147951C9AA1DF00EB4235 /* AppDelegate.h */,
				50E147961C9AA1DF00EB4235 /* AppDelegate.m */,
				50E147981C9AA1DF00EB4235 /* ViewController.h */,
				50E147991C9AA1DF00EB4235 /* ViewController.m */,
				50E1479B1C9AA1DF00EB4235 /* Main.storyboard */,
				50E1479E1C9AA1DF00EB4235 /* Assets.xcassets */,
				50E147A01C9AA1DF00EB4235 /* LaunchScreen.storyboard */,
				50E147A31C9AA1DF00EB4235 /* Info.plist */,
				50E147921C9AA1DF00EB4235 /* Supporting Files */,
				5C3493DC3064C1F26A6BCE56 /* BYT */,
			);
			path = BYTDemo;
			sourceTree = "<group>";
		};
		50E147921C9AA1DF00EB4235 /* Supporting Files */ = {
			isa = PBXGroup;
			children = (
				50E147931C9AA1DF00EB4235 /* main.m */,
			);
			name = "Supporting Files";
			sourceTree = "<group>";
		};
		5C3493DC3064C1F26A6BCE56 /* BYT */ = {
			isa = PBXGroup;
			children = (
				5C3495856342D2DBF2AB0D42 /* Category */,
				5C349A8A59FDC45F961E265D /* BYTHeader.h */,
				5C3498CB6E74AD8A4729F9CF /* ViewModel */,
				5C34992267F1ED0C090A2540 /* Model */,
			);
			path = BYT;
			sourceTree = SOURCE_ROOT;
		};
		5C3495856342D2DBF2AB0D42 /* Category */ = {
			isa = PBXGroup;
			children = (
				5C349937A8637707A947C921 /* NS */,
				5C34996215D3F4676C6693DD /* UI */,
				5C349FC25289656B6DDC69BF /* Other */,
				5C349FFBB64A4F6742D6A1AF /* BYTCategory.h */,
				5C349103C89AD1E30517193F /* PodHeader.h */,
			);
			path = Category;
			sourceTree = "<group>";
		};
		5C3498CB6E74AD8A4729F9CF /* ViewModel */ = {
			isa = PBXGroup;
			children = (
				5C3499338BAE6C87F95702D8 /* LoginVM.h */,
				5C349E520D7E9F5DAC946EC7 /* LoginVM.m */,
			);
			path = ViewModel;
			sourceTree = "<group>";
		};
		5C34992267F1ED0C090A2540 /* Model */ = {
			isa = PBXGroup;
			children = (
				5C349E324F9E52BCD07D77A1 /* UserM.m */,
				5C3499230AA8030C872193FD /* UserM.h */,
			);
			path = Model;
			sourceTree = "<group>";
		};
		5C349937A8637707A947C921 /* NS */ = {
			isa = PBXGroup;
			children = (
				5C349D85535C9CC993EE71CB /* NSBundle+BYT.h */,
				5C349041510029F81686FB70 /* NSBundle+BYT.m */,
				5C349A5C54EF4E19EAA6C80C /* NSNumber+BYT.h */,
				5C3490A43B874E01B11E074D /* NSNumber+BYT.m */,
				5C349E001E049C434C18508D /* NSString+BYT.h */,
				5C3493DA81965CAF97962974 /* NSString+BYT.m */,
				5C3496D343791CDA23B167ED /* NSUserDefaults+BYT.h */,
				5C349C1BA37EF9E9A05C98A0 /* NSUserDefaults+BYT.m */,
			);
			path = NS;
			sourceTree = "<group>";
		};
		5C34996215D3F4676C6693DD /* UI */ = {
			isa = PBXGroup;
			children = (
				5C34998F13D988BC9D91FB9E /* UIView+BYT.h */,
				5C3497C87867D431D00980E5 /* UIView+BYT.m */,
				5C3493D4D76DE89CB02B0C84 /* UIColor+BYT.h */,
				5C34952EE5C62C7FB5BE23AD /* UIColor+BYT.m */,
				5C34933BC4EBCF0EB6B2E9BD /* UIImage+BYT.h */,
				5C34974097BB329AF50C2E79 /* UIImage+BYT.m */,
				5C349251B13C429AC593A09A /* UIButton+BYT.h */,
				5C3498AE35596AADEA53BA4B /* UIButton+BYT.m */,
				5C3499FE2AD0668E5EBFB9A5 /* UIAlertView+BYT.h */,
				5C3496B7DFAA117C1E89D3E2 /* UIAlertView+BYT.m */,
				5C349F5753BC408FB314ADD6 /* UIResponder+BYT.h */,
				5C349899E3BED2BC83E4B275 /* UIResponder+BYT.m */,
				5C3492F6B0CC2B3AE31CABE8 /* UIStoryboard+BYT.h */,
				5C3496069A7AF6FE4D68B47A /* UIStoryboard+BYT.m */,
				5C34948296898CB0781B696E /* UIDevice+BYT.h */,
				5C3496B3E7D9F8AE61C92077 /* UIDevice+BYT.m */,
				5C3494DD10DB90BEBAFEAA40 /* UIFont+BYT.h */,
				5C349C147B3315141D096E51 /* UIFont+BYT.m */,
				5C3493A8652BBA4D74466D56 /* UINavigationBar+BYT.h */,
				5C3492908F81C39413F8A9AD /* UINavigationBar+BYT.m */,
				5C34991D523FA392DFB65E71 /* UINavigationController+BYT.h */,
				5C349C592F9ECF4C1FECC8FD /* UINavigationController+BYT.m */,
				5C34909450F0C8DF610A16AC /* UIScreen+BYT.h */,
				5C349E32C8039D4AEB13B1EA /* UIScreen+BYT.m */,
				5C349FF4B387EC5687FB46F3 /* UITabBar+BYT.h */,
				5C349DB588ACB7298DBE41EB /* UITabBar+BYT.m */,
			);
			path = UI;
			sourceTree = "<group>";
		};
		5C349FC25289656B6DDC69BF /* Other */ = {
			isa = PBXGroup;
			children = (
				5C349A628C360683BA540FD3 /* BYTSingleton.h */,
				5C349DCC9448C6CA82499658 /* BYTBlockMacro.h */,
			);
			path = Other;
			sourceTree = "<group>";
		};
/* End PBXGroup section */

/* Begin PBXNativeTarget section */
		50E1478E1C9AA1DF00EB4235 /* BYTDemo */ = {
			isa = PBXNativeTarget;
			buildConfigurationList = 50E147A61C9AA1DF00EB4235 /* Build configuration list for PBXNativeTarget "BYTDemo" */;
			buildPhases = (
				866EC6AF93FD0729BDFAE362 /* Check Pods Manifest.lock */,
				50E1478B1C9AA1DF00EB4235 /* Sources */,
				50E1478C1C9AA1DF00EB4235 /* Frameworks */,
				50E1478D1C9AA1DF00EB4235 /* Resources */,
				EFE52BCE9285228ADFB80960 /* Embed Pods Frameworks */,
				3294BFB2CC507A0D7DABA81F /* Copy Pods Resources */,
			);
			buildRules = (
			);
			dependencies = (
			);
			name = BYTDemo;
			productName = BYTDemo;
			productReference = 50E1478F1C9AA1DF00EB4235 /* BYTDemo.app */;
			productType = "com.apple.product-type.application";
		};
/* End PBXNativeTarget section */

/* Begin PBXProject section */
		50E147871C9AA1DF00EB4235 /* Project object */ = {
			isa = PBXProject;
			attributes = {
				LastUpgradeCheck = 0720;
				ORGANIZATIONNAME = Pikdays;
				TargetAttributes = {
					50E1478E1C9AA1DF00EB4235 = {
						CreatedOnToolsVersion = 7.2.1;
					};
				};
			};
			buildConfigurationList = 50E1478A1C9AA1DF00EB4235 /* Build configuration list for PBXProject "BYTDemo" */;
			compatibilityVersion = "Xcode 3.2";
			developmentRegion = English;
			hasScannedForEncodings = 0;
			knownRegions = (
				en,
				Base,
			);
			mainGroup = 50E147861C9AA1DF00EB4235;
			productRefGroup = 50E147901C9AA1DF00EB4235 /* Products */;
			projectDirPath = "";
			projectRoot = "";
			targets = (
				50E1478E1C9AA1DF00EB4235 /* BYTDemo */,
			);
		};
/* End PBXProject section */

/* Begin PBXResourcesBuildPhase section */
		50E1478D1C9AA1DF00EB4235 /* Resources */ = {
			isa = PBXResourcesBuildPhase;
			buildActionMask = 2147483647;
			files = (
				50E147A21C9AA1DF00EB4235 /* LaunchScreen.storyboard in Resources */,
				50E1479F1C9AA1DF00EB4235 /* Assets.xcassets in Resources */,
				50E1479D1C9AA1DF00EB4235 /* Main.storyboard in Resources */,
			);
			runOnlyForDeploymentPostprocessing = 0;
		};
/* End PBXResourcesBuildPhase section */

/* Begin PBXShellScriptBuildPhase section */
		3294BFB2CC507A0D7DABA81F /* Copy Pods Resources */ = {
			isa = PBXShellScriptBuildPhase;
			buildActionMask = 2147483647;
			files = (
			);
			inputPaths = (
			);
			name = "Copy Pods Resources";
			outputPaths = (
			);
			runOnlyForDeploymentPostprocessing = 0;
			shellPath = /bin/sh;
			shellScript = "\"${SRCROOT}/Pods/Target Support Files/Pods-BYTDemo/Pods-BYTDemo-resources.sh\"\n";
			showEnvVarsInLog = 0;
		};
		866EC6AF93FD0729BDFAE362 /* Check Pods Manifest.lock */ = {
			isa = PBXShellScriptBuildPhase;
			buildActionMask = 2147483647;
			files = (
			);
			inputPaths = (
			);
			name = "Check Pods Manifest.lock";
			outputPaths = (
			);
			runOnlyForDeploymentPostprocessing = 0;
			shellPath = /bin/sh;
			shellScript = "diff \"${PODS_ROOT}/../Podfile.lock\" \"${PODS_ROOT}/Manifest.lock\" > /dev/null\nif [[ $? != 0 ]] ; then\n    cat << EOM\nerror: The sandbox is not in sync with the Podfile.lock. Run 'pod install' or update your CocoaPods installation.\nEOM\n    exit 1\nfi\n";
			showEnvVarsInLog = 0;
		};
		EFE52BCE9285228ADFB80960 /* Embed Pods Frameworks */ = {
			isa = PBXShellScriptBuildPhase;
			buildActionMask = 2147483647;
			files = (
			);
			inputPaths = (
			);
			name = "Embed Pods Frameworks";
			outputPaths = (
			);
			runOnlyForDeploymentPostprocessing = 0;
			shellPath = /bin/sh;
			shellScript = "\"${SRCROOT}/Pods/Target Support Files/Pods-BYTDemo/Pods-BYTDemo-frameworks.sh\"\n";
			showEnvVarsInLog = 0;
		};
/* End PBXShellScriptBuildPhase section */

/* Begin PBXSourcesBuildPhase section */
		50E1478B1C9AA1DF00EB4235 /* Sources */ = {
			isa = PBXSourcesBuildPhase;
			buildActionMask = 2147483647;
			files = (
				50E1479A1C9AA1DF00EB4235 /* ViewController.m in Sources */,
				50E147971C9AA1DF00EB4235 /* AppDelegate.m in Sources */,
				50E147941C9AA1DF00EB4235 /* main.m in Sources */,
				5C34933A333ED1E9FE95E7B5 /* NSBundle+BYT.m in Sources */,
				5C349178C45FBAB0D9424B4C /* NSNumber+BYT.m in Sources */,
				5C349F174E556FEFF2BE913E /* NSString+BYT.m in Sources */,
				5C34983B67E7A2AFCA03DFD0 /* NSUserDefaults+BYT.m in Sources */,
				5C349B765246E2C62948EF3C /* UIView+BYT.m in Sources */,
				5C349E8E6716937C512CB1A3 /* UIColor+BYT.m in Sources */,
				5C3492053DAFE69431CDC5D9 /* UIImage+BYT.m in Sources */,
				5C3496FF12D06DA7C8D83950 /* UIButton+BYT.m in Sources */,
				5C349518F1812A90D55807F4 /* UIAlertView+BYT.m in Sources */,
				5C349D1A5E4FDCED7D13458E /* UIResponder+BYT.m in Sources */,
				5C349D6635E7D8E153EAE487 /* UIStoryboard+BYT.m in Sources */,
				5C3499848D60E06E870A2DF1 /* UIDevice+BYT.m in Sources */,
				5C3495B4F75697A343242279 /* UIFont+BYT.m in Sources */,
				5C349FF717DC14E80852A16C /* UINavigationBar+BYT.m in Sources */,
				5C3492842A0BBBB0EE61FD86 /* UINavigationController+BYT.m in Sources */,
				5C3495FAEEB03D4391C1CCE9 /* UIScreen+BYT.m in Sources */,
				5C3498D2D75F83CDADE91ED1 /* UITabBar+BYT.m in Sources */,
				5C349297A4BF6BA43427184D /* LoginVM.m in Sources */,
				5C3493A4EB2B8A5ED7134D07 /* UserM.m in Sources */,
			);
			runOnlyForDeploymentPostprocessing = 0;
		};
/* End PBXSourcesBuildPhase section */

/* Begin PBXVariantGroup section */
		50E1479B1C9AA1DF00EB4235 /* Main.storyboard */ = {
			isa = PBXVariantGroup;
			children = (
				50E1479C1C9AA1DF00EB4235 /* Base */,
			);
			name = Main.storyboard;
			sourceTree = "<group>";
		};
		50E147A01C9AA1DF00EB4235 /* LaunchScreen.storyboard */ = {
			isa = PBXVariantGroup;
			children = (
				50E147A11C9AA1DF00EB4235 /* Base */,
			);
			name = LaunchScreen.storyboard;
			sourceTree = "<group>";
		};
/* End PBXVariantGroup section */

/* Begin XCBuildConfiguration section */
		50E147A41C9AA1DF00EB4235 /* Debug */ = {
			isa = XCBuildConfiguration;
			buildSettings = {
				ALWAYS_SEARCH_USER_PATHS = NO;
				CLANG_CXX_LANGUAGE_STANDARD = "gnu++0x";
				CLANG_CXX_LIBRARY = "libc++";
				CLANG_ENABLE_MODULES = YES;
				CLANG_ENABLE_OBJC_ARC = YES;
				CLANG_WARN_BOOL_CONVERSION = YES;
				CLANG_WARN_CONSTANT_CONVERSION = YES;
				CLANG_WARN_DIRECT_OBJC_ISA_USAGE = YES_ERROR;
				CLANG_WARN_EMPTY_BODY = YES;
				CLANG_WARN_ENUM_CONVERSION = YES;
				CLANG_WARN_INT_CONVERSION = YES;
				CLANG_WARN_OBJC_ROOT_CLASS = YES_ERROR;
				CLANG_WARN_UNREACHABLE_CODE = YES;
				CLANG_WARN__DUPLICATE_METHOD_MATCH = YES;
				"CODE_SIGN_IDENTITY[sdk=iphoneos*]" = "iPhone Developer";
				COPY_PHASE_STRIP = NO;
				DEBUG_INFORMATION_FORMAT = dwarf;
				ENABLE_STRICT_OBJC_MSGSEND = YES;
				ENABLE_TESTABILITY = YES;
				GCC_C_LANGUAGE_STANDARD = gnu99;
				GCC_DYNAMIC_NO_PIC = NO;
				GCC_NO_COMMON_BLOCKS = YES;
				GCC_OPTIMIZATION_LEVEL = 0;
				GCC_PREPROCESSOR_DEFINITIONS = (
					"DEBUG=1",
					"$(inherited)",
				);
				GCC_WARN_64_TO_32_BIT_CONVERSION = YES;
				GCC_WARN_ABOUT_RETURN_TYPE = YES_ERROR;
				GCC_WARN_UNDECLARED_SELECTOR = YES;
				GCC_WARN_UNINITIALIZED_AUTOS = YES_AGGRESSIVE;
				GCC_WARN_UNUSED_FUNCTION = YES;
				GCC_WARN_UNUSED_VARIABLE = YES;
				IPHONEOS_DEPLOYMENT_TARGET = 9.2;
				MTL_ENABLE_DEBUG_INFO = YES;
				ONLY_ACTIVE_ARCH = YES;
				SDKROOT = iphoneos;
			};
			name = Debug;
		};
		50E147A51C9AA1DF00EB4235 /* Release */ = {
			isa = XCBuildConfiguration;
			buildSettings = {
				ALWAYS_SEARCH_USER_PATHS = NO;
				CLANG_CXX_LANGUAGE_STANDARD = "gnu++0x";
				CLANG_CXX_LIBRARY = "libc++";
				CLANG_ENABLE_MODULES = YES;
				CLANG_ENABLE_OBJC_ARC = YES;
				CLANG_WARN_BOOL_CONVERSION = YES;
				CLANG_WARN_CONSTANT_CONVERSION = YES;
				CLANG_WARN_DIRECT_OBJC_ISA_USAGE = YES_ERROR;
				CLANG_WARN_EMPTY_BODY = YES;
				CLANG_WARN_ENUM_CONVERSION = YES;
				CLANG_WARN_INT_CONVERSION = YES;
				CLANG_WARN_OBJC_ROOT_CLASS = YES_ERROR;
				CLANG_WARN_UNREACHABLE_CODE = YES;
				CLANG_WARN__DUPLICATE_METHOD_MATCH = YES;
				"CODE_SIGN_IDENTITY[sdk=iphoneos*]" = "iPhone Developer";
				COPY_PHASE_STRIP = NO;
				DEBUG_INFORMATION_FORMAT = "dwarf-with-dsym";
				ENABLE_NS_ASSERTIONS = NO;
				ENABLE_STRICT_OBJC_MSGSEND = YES;
				GCC_C_LANGUAGE_STANDARD = gnu99;
				GCC_NO_COMMON_BLOCKS = YES;
				GCC_WARN_64_TO_32_BIT_CONVERSION = YES;
				GCC_WARN_ABOUT_RETURN_TYPE = YES_ERROR;
				GCC_WARN_UNDECLARED_SELECTOR = YES;
				GCC_WARN_UNINITIALIZED_AUTOS = YES_AGGRESSIVE;
				GCC_WARN_UNUSED_FUNCTION = YES;
				GCC_WARN_UNUSED_VARIABLE = YES;
				IPHONEOS_DEPLOYMENT_TARGET = 9.2;
				MTL_ENABLE_DEBUG_INFO = NO;
				SDKROOT = iphoneos;
				VALIDATE_PRODUCT = YES;
			};
			name = Release;
		};
		50E147A71C9AA1DF00EB4235 /* Debug */ = {
			isa = XCBuildConfiguration;
			baseConfigurationReference = 631FF2B0F7907E83738D8CC9 /* Pods-BYTDemo.debug.xcconfig */;
			buildSettings = {
				ASSETCATALOG_COMPILER_APPICON_NAME = AppIcon;
				INFOPLIST_FILE = BYTDemo/Info.plist;
				IPHONEOS_DEPLOYMENT_TARGET = 8.0;
				LD_RUNPATH_SEARCH_PATHS = "$(inherited) @executable_path/Frameworks";
				PRODUCT_BUNDLE_IDENTIFIER = com.Pikdays.BYTDemo;
				PRODUCT_NAME = "$(TARGET_NAME)";
			};
			name = Debug;
		};
		50E147A81C9AA1DF00EB4235 /* Release */ = {
			isa = XCBuildConfiguration;
			baseConfigurationReference = 5F10B0138BF229C01425DC06 /* Pods-BYTDemo.release.xcconfig */;
			buildSettings = {
				ASSETCATALOG_COMPILER_APPICON_NAME = AppIcon;
				INFOPLIST_FILE = BYTDemo/Info.plist;
				IPHONEOS_DEPLOYMENT_TARGET = 8.0;
				LD_RUNPATH_SEARCH_PATHS = "$(inherited) @executable_path/Frameworks";
				PRODUCT_BUNDLE_IDENTIFIER = com.Pikdays.BYTDemo;
				PRODUCT_NAME = "$(TARGET_NAME)";
			};
			name = Release;
		};
/* End XCBuildConfiguration section */

/* Begin XCConfigurationList section */
		50E1478A1C9AA1DF00EB4235 /* Build configuration list for PBXProject "BYTDemo" */ = {
			isa = XCConfigurationList;
			buildConfigurations = (
				50E147A41C9AA1DF00EB4235 /* Debug */,
				50E147A51C9AA1DF00EB4235 /* Release */,
			);
			defaultConfigurationIsVisible = 0;
			defaultConfigurationName = Release;
		};
		50E147A61C9AA1DF00EB4235 /* Build configuration list for PBXNativeTarget "BYTDemo" */ = {
			isa = XCConfigurationList;
			buildConfigurations = (
				50E147A71C9AA1DF00EB4235 /* Debug */,
				50E147A81C9AA1DF00EB4235 /* Release */,
			);
			defaultConfigurationIsVisible = 0;
			defaultConfigurationName = Release;
		};
/* End XCConfigurationList section */
	};
	rootObject = 50E147871C9AA1DF00EB4235 /* Project object */;
}
